
Microsoft Visual Studio Solution File, Format Version 12.00
# Visual Studio Version 17
VisualStudioVersion = 17.11.35303.130
MinimumVisualStudioVersion = 10.0.40219.1
Project("{2150E333-8FDC-42A3-9474-1A3956D46DE8}") = "Task0", "Task0", "{A8DF2AF6-0C45-48F4-B487-0965002EE731}"
EndProject
Project("{FAE04EC0-301F-11D3-BF4B-00C04F79EFBC}") = "Tyuiu.ChigurovMV.Sprint0.Task0.V0", "Tyuiu.ChigurovMV.Sprint0.Task0.V0\Tyuiu.ChigurovMV.Sprint0.Task0.V0.csproj", "{E2BAFDEB-4555-4A09-A3EC-3430053CFC6C}"
EndProject
Global
	GlobalSection(SolutionConfigurationPlatforms) = preSolution
		Debug|Any CPU = Debug|Any CPU
		Release|Any CPU = Release|Any CPU
	EndGlobalSection
	GlobalSection(ProjectConfigurationPlatforms) = postSolution
		{E2BAFDEB-4555-4A09-A3EC-3430053CFC6C}.Debug|Any CPU.ActiveCfg = Debug|Any CPU
		{E2BAFDEB-4555-4A09-A3EC-3430053CFC6C}.Debug|Any CPU.Build.0 = Debug|Any CPU
		{E2BAFDEB-4555-4A09-A3EC-3430053CFC6C}.Release|Any CPU.ActiveCfg = Release|Any CPU
		{E2BAFDEB-4555-4A09-A3EC-3430053CFC6C}.Release|Any CPU.Build.0 = Release|Any CPU
	EndGlobalSection
	GlobalSection(SolutionProperties) = preSolution
		HideSolutionNode = FALSE
	EndGlobalSection
	GlobalSection(NestedProjects) = preSolution
		{E2BAFDEB-4555-4A09-A3EC-3430053CFC6C} = {A8DF2AF6-0C45-48F4-B487-0965002EE731}
	EndGlobalSection
	GlobalSection(ExtensibilityGlobals) = postSolution
		SolutionGuid = {BA4F09CD-31C1-42C2-9AB5-F1AE8BF3C892}
	EndGlobalSection
EndGlobal
